<?xml version="1.0" encoding="utf-8"?>
<Project ToolsVersion="4.0" xmlns="http://schemas.microsoft.com/developer/msbuild/2003">
  <ItemGroup>
    <Filter Include="Quelldateien">
      <UniqueIdentifier>{4FC737F1-C7A5-4376-A066-2A32D752A2FF}</UniqueIdentifier>
      <Extensions>cpp;c;cc;cxx;c++;cppm;ixx;def;odl;idl;hpj;bat;asm;asmx</Extensions>
    </Filter>
    <Filter Include="Headerdateien">
      <UniqueIdentifier>{93995380-89BD-4b04-88EB-625FBE52EBFB}</UniqueIdentifier>
      <Extensions>h;hh;hpp;hxx;h++;hm;inl;inc;ipp;xsd</Extensions>
    </Filter>
    <Filter Include="Ressourcendateien">
      <UniqueIdentifier>{67DA6AB6-F800-4c08-8B7A-83BB121AAD01}</UniqueIdentifier>
      <Extensions>rc;ico;cur;bmp;dlg;rc2;rct;bin;rgs;gif;jpg;jpeg;jpe;resx;tiff;tif;png;wav;mfcribbon-ms</Extensions>
    </Filter>
  </ItemGroup>
  <ItemGroup>
    <ClCompile Include="src\main.cpp">
      <Filter>Quelldateien</Filter>
    </ClCompile>
    <ClCompile Include="src\Layers\Layer2\L2Provider.cpp">
      <Filter>Quelldateien</Filter>
    </ClCompile>
    <ClCompile Include="src\Layers\Layer3\L3Provider.cpp">
      <Filter>Quelldateien</Filter>
    </ClCompile>
    <ClCompile Include="src\Layers\Client.cpp">
      <Filter>Quelldateien</Filter>
    </ClCompile>
    <ClCompile Include="src\Layers\Layer1\DataLink.cpp">
      <Filter>Quelldateien</Filter>
    </ClCompile>
    <ClCompile Include="src\Layers\Layer2\Transport.cpp">
      <Filter>Quelldateien</Filter>
    </ClCompile>
    <ClCompile Include="src\Layers\Layer3\Session.cpp">
      <Filter>Quelldateien</Filter>
    </ClCompile>
  </ItemGroup>
  <ItemGroup>
    <ClInclude Include="src\Layers\Layer1\L1Provider.h">
      <Filter>Headerdateien</Filter>
    </ClInclude>
    <ClInclude Include="src\Layers\Layer2\L2Provider.h">
      <Filter>Headerdateien</Filter>
    </ClInclude>
    <ClInclude Include="src\Layers\Layer3\L3Provider.h">
      <Filter>Headerdateien</Filter>
    </ClInclude>
    <ClInclude Include="src\Layers\Client.h">
      <Filter>Headerdateien</Filter>
    </ClInclude>
    <ClInclude Include="src\Layers\Layer1\DataLink.h">
      <Filter>Headerdateien</Filter>
    </ClInclude>
    <ClInclude Include="src\Layers\Layer2\Transport.h">
      <Filter>Headerdateien</Filter>
    </ClInclude>
    <ClInclude Include="src\Layers\Layer3\Session.h">
      <Filter>Headerdateien</Filter>
    </ClInclude>
  </ItemGroup>
</Project>